
Microsoft Visual Studio Solution File, Format Version 12.00
# Visual Studio Version 17
VisualStudioVersion = 17.4.33205.214
MinimumVisualStudioVersion = 10.0.40219.1
Project("{FAE04EC0-301F-11D3-BF4B-00C04F79EFBC}") = "BookApi", "BookApi\BookApi.csproj", "{93000ECF-8854-4C8E-BFD0-0B1A2FE7ECE1}"
EndProject
Project("{FAE04EC0-301F-11D3-BF4B-00C04F79EFBC}") = "Data", "Data\Data.csproj", "{AF320E5E-4AF2-4FC4-B2E5-11B3C8F2F472}"
EndProject
Global
	GlobalSection(SolutionConfigurationPlatforms) = preSolution
		Debug|Any CPU = Debug|Any CPU
		Release|Any CPU = Release|Any CPU
	EndGlobalSection
	GlobalSection(ProjectConfigurationPlatforms) = postSolution
		{93000ECF-8854-4C8E-BFD0-0B1A2FE7ECE1}.Debug|Any CPU.ActiveCfg = Debug|Any CPU
		{93000ECF-8854-4C8E-BFD0-0B1A2FE7ECE1}.Debug|Any CPU.Build.0 = Debug|Any CPU
		{93000ECF-8854-4C8E-BFD0-0B1A2FE7ECE1}.Release|Any CPU.ActiveCfg = Release|Any CPU
		{93000ECF-8854-4C8E-BFD0-0B1A2FE7ECE1}.Release|Any CPU.Build.0 = Release|Any CPU
		{AF320E5E-4AF2-4FC4-B2E5-11B3C8F2F472}.Debug|Any CPU.ActiveCfg = Debug|Any CPU
		{AF320E5E-4AF2-4FC4-B2E5-11B3C8F2F472}.Debug|Any CPU.Build.0 = Debug|Any CPU
		{AF320E5E-4AF2-4FC4-B2E5-11B3C8F2F472}.Release|Any CPU.ActiveCfg = Release|Any CPU
		{AF320E5E-4AF2-4FC4-B2E5-11B3C8F2F472}.Release|Any CPU.Build.0 = Release|Any CPU
	EndGlobalSection
	GlobalSection(SolutionProperties) = preSolution
		HideSolutionNode = FALSE
	EndGlobalSection
	GlobalSection(ExtensibilityGlobals) = postSolution
		SolutionGuid = {90CB57FE-498C-4B5D-A389-7F2FACA6446D}
	EndGlobalSection
EndGlobal
